
Microsoft Visual Studio Solution File, Format Version 12.00
# Visual Studio 15
VisualStudioVersion = 15.0.27703.2042
MinimumVisualStudioVersion = 10.0.40219.1
Project("{FAE04EC0-301F-11D3-BF4B-00C04F79EFBC}") = "CadastroDinamico.Aplicacao", "CadastroDinamico.Aplicacao\CadastroDinamico.Aplicacao.csproj", "{8FCA9E00-2D06-4098-AD06-AEB2F4169F0F}"
EndProject
Project("{FAE04EC0-301F-11D3-BF4B-00C04F79EFBC}") = "CadastroDinamico.Dominio", "CadastroDinamico.Dominio\CadastroDinamico.Dominio.csproj", "{6F092C81-E18B-4322-8F9B-F1EBA05A73FE}"
EndProject
Project("{FAE04EC0-301F-11D3-BF4B-00C04F79EFBC}") = "CadastroDinamico.Persistencia", "CadastroDinamico.Persistencia\CadastroDinamico.Persistencia.csproj", "{4DCCD180-DF33-4CB6-8795-C51047CD92B5}"
EndProject
Project("{FAE04EC0-301F-11D3-BF4B-00C04F79EFBC}") = "CadastroDinamico.Core", "CadastroDinamico.Core\CadastroDinamico.Core.csproj", "{145A26F9-4015-4B6E-BA1C-ADA011FD0D20}"
EndProject
Project("{FAE04EC0-301F-11D3-BF4B-00C04F79EFBC}") = "CadastroDinamico.Utils", "CadastroDinamico.Utils\CadastroDinamico.Utils.csproj", "{90F197B4-42EE-454D-A091-283A4F71526D}"
EndProject
Global
	GlobalSection(SolutionConfigurationPlatforms) = preSolution
		Debug|Any CPU = Debug|Any CPU
		Release|Any CPU = Release|Any CPU
	EndGlobalSection
	GlobalSection(ProjectConfigurationPlatforms) = postSolution
		{8FCA9E00-2D06-4098-AD06-AEB2F4169F0F}.Debug|Any CPU.ActiveCfg = Debug|Any CPU
		{8FCA9E00-2D06-4098-AD06-AEB2F4169F0F}.Debug|Any CPU.Build.0 = Debug|Any CPU
		{8FCA9E00-2D06-4098-AD06-AEB2F4169F0F}.Release|Any CPU.ActiveCfg = Release|Any CPU
		{8FCA9E00-2D06-4098-AD06-AEB2F4169F0F}.Release|Any CPU.Build.0 = Release|Any CPU
		{6F092C81-E18B-4322-8F9B-F1EBA05A73FE}.Debug|Any CPU.ActiveCfg = Debug|Any CPU
		{6F092C81-E18B-4322-8F9B-F1EBA05A73FE}.Debug|Any CPU.Build.0 = Debug|Any CPU
		{6F092C81-E18B-4322-8F9B-F1EBA05A73FE}.Release|Any CPU.ActiveCfg = Release|Any CPU
		{6F092C81-E18B-4322-8F9B-F1EBA05A73FE}.Release|Any CPU.Build.0 = Release|Any CPU
		{4DCCD180-DF33-4CB6-8795-C51047CD92B5}.Debug|Any CPU.ActiveCfg = Debug|Any CPU
		{4DCCD180-DF33-4CB6-8795-C51047CD92B5}.Debug|Any CPU.Build.0 = Debug|Any CPU
		{4DCCD180-DF33-4CB6-8795-C51047CD92B5}.Release|Any CPU.ActiveCfg = Release|Any CPU
		{4DCCD180-DF33-4CB6-8795-C51047CD92B5}.Release|Any CPU.Build.0 = Release|Any CPU
		{145A26F9-4015-4B6E-BA1C-ADA011FD0D20}.Debug|Any CPU.ActiveCfg = Debug|Any CPU
		{145A26F9-4015-4B6E-BA1C-ADA011FD0D20}.Debug|Any CPU.Build.0 = Debug|Any CPU
		{145A26F9-4015-4B6E-BA1C-ADA011FD0D20}.Release|Any CPU.ActiveCfg = Release|Any CPU
		{145A26F9-4015-4B6E-BA1C-ADA011FD0D20}.Release|Any CPU.Build.0 = Release|Any CPU
		{90F197B4-42EE-454D-A091-283A4F71526D}.Debug|Any CPU.ActiveCfg = Debug|Any CPU
		{90F197B4-42EE-454D-A091-283A4F71526D}.Debug|Any CPU.Build.0 = Debug|Any CPU
		{90F197B4-42EE-454D-A091-283A4F71526D}.Release|Any CPU.ActiveCfg = Release|Any CPU
		{90F197B4-42EE-454D-A091-283A4F71526D}.Release|Any CPU.Build.0 = Release|Any CPU
	EndGlobalSection
	GlobalSection(SolutionProperties) = preSolution
		HideSolutionNode = FALSE
	EndGlobalSection
	GlobalSection(ExtensibilityGlobals) = postSolution
		SolutionGuid = {020221D5-F16A-4DA4-945D-CA5ABF40DD1B}
	EndGlobalSection
EndGlobal
